
Microsoft Visual Studio Solution File, Format Version 12.00
# Visual Studio 2013
VisualStudioVersion = 12.0.31101.0
MinimumVisualStudioVersion = 10.0.40219.1
Project("{FAE04EC0-301F-11D3-BF4B-00C04F79EFBC}") = "MessageQueueSamples", "MessageQueue\MessageQueueSamples.csproj", "{F85C9E60-CDD3-40F4-BC4C-BA973B257A9E}"
EndProject
Project("{2150E333-8FDC-42A3-9474-1A3956D46DE8}") = "MSMQ-BasicApplications", "MSMQ-BasicApplications", "{4BE269BA-8F97-4409-8CB8-BBDDED7B1110}"
EndProject
Project("{2150E333-8FDC-42A3-9474-1A3956D46DE8}") = "Task1-HelloWorld", "Task1-HelloWorld", "{7083B9CE-7C68-46E6-8C67-0E524E9E50FB}"
EndProject
Project("{FAE04EC0-301F-11D3-BF4B-00C04F79EFBC}") = "Task1.Consumer", "Task1\Task1.Consumer\Task1.Consumer.csproj", "{44807851-7E5C-42F8-B22E-7A8722C7F135}"
EndProject
Project("{FAE04EC0-301F-11D3-BF4B-00C04F79EFBC}") = "Task1.Producer", "Task1\Task1.Producer\Task1.Producer.csproj", "{C83249C3-5BD6-416A-9F40-E859645E7D53}"
EndProject
Project("{2150E333-8FDC-42A3-9474-1A3956D46DE8}") = "Task2-WorkQueues", "Task2-WorkQueues", "{29BA500C-3458-4931-8269-E266FD5D3554}"
EndProject
Project("{FAE04EC0-301F-11D3-BF4B-00C04F79EFBC}") = "Task2.Producer", "Task2\Task2.Producer\Task2.Producer.csproj", "{4375D741-36E1-4108-B3BB-1C364F66C263}"
EndProject
Project("{FAE04EC0-301F-11D3-BF4B-00C04F79EFBC}") = "Task2.Consumer", "Task2\Task2.Consumer\Task2.Consumer.csproj", "{A353628C-7897-4B36-ACA5-42B36D70AC52}"
EndProject
Project("{2150E333-8FDC-42A3-9474-1A3956D46DE8}") = "Task3-PublishSubscribe", "Task3-PublishSubscribe", "{014F2094-F1D3-4CDE-AE77-0431F49A072F}"
EndProject
Project("{FAE04EC0-301F-11D3-BF4B-00C04F79EFBC}") = "Task3.Producer", "Task3\Task3.Producer\Task3.Producer.csproj", "{FFC5B9B7-EB3B-45AC-8D98-8D387330BC59}"
EndProject
Project("{FAE04EC0-301F-11D3-BF4B-00C04F79EFBC}") = "Task3.Consumer-1", "Task3\Task3.Consumer-1\Task3.Consumer-1.csproj", "{A0E35D9D-465F-49AA-BA68-E1D07FDEE3DA}"
EndProject
Project("{FAE04EC0-301F-11D3-BF4B-00C04F79EFBC}") = "Task3.Consumer-2", "Task3\Task3.Consumer-2\Task3.Consumer-2.csproj", "{0C4ADB15-F5DE-40D6-B420-E4AA97E15CF3}"
EndProject
Global
	GlobalSection(SolutionConfigurationPlatforms) = preSolution
		Debug|Any CPU = Debug|Any CPU
		Release|Any CPU = Release|Any CPU
	EndGlobalSection
	GlobalSection(ProjectConfigurationPlatforms) = postSolution
		{F85C9E60-CDD3-40F4-BC4C-BA973B257A9E}.Debug|Any CPU.ActiveCfg = Debug|Any CPU
		{F85C9E60-CDD3-40F4-BC4C-BA973B257A9E}.Debug|Any CPU.Build.0 = Debug|Any CPU
		{F85C9E60-CDD3-40F4-BC4C-BA973B257A9E}.Release|Any CPU.ActiveCfg = Release|Any CPU
		{F85C9E60-CDD3-40F4-BC4C-BA973B257A9E}.Release|Any CPU.Build.0 = Release|Any CPU
		{44807851-7E5C-42F8-B22E-7A8722C7F135}.Debug|Any CPU.ActiveCfg = Debug|Any CPU
		{44807851-7E5C-42F8-B22E-7A8722C7F135}.Debug|Any CPU.Build.0 = Debug|Any CPU
		{44807851-7E5C-42F8-B22E-7A8722C7F135}.Release|Any CPU.ActiveCfg = Release|Any CPU
		{44807851-7E5C-42F8-B22E-7A8722C7F135}.Release|Any CPU.Build.0 = Release|Any CPU
		{C83249C3-5BD6-416A-9F40-E859645E7D53}.Debug|Any CPU.ActiveCfg = Debug|Any CPU
		{C83249C3-5BD6-416A-9F40-E859645E7D53}.Debug|Any CPU.Build.0 = Debug|Any CPU
		{C83249C3-5BD6-416A-9F40-E859645E7D53}.Release|Any CPU.ActiveCfg = Release|Any CPU
		{C83249C3-5BD6-416A-9F40-E859645E7D53}.Release|Any CPU.Build.0 = Release|Any CPU
		{4375D741-36E1-4108-B3BB-1C364F66C263}.Debug|Any CPU.ActiveCfg = Debug|Any CPU
		{4375D741-36E1-4108-B3BB-1C364F66C263}.Debug|Any CPU.Build.0 = Debug|Any CPU
		{4375D741-36E1-4108-B3BB-1C364F66C263}.Release|Any CPU.ActiveCfg = Release|Any CPU
		{4375D741-36E1-4108-B3BB-1C364F66C263}.Release|Any CPU.Build.0 = Release|Any CPU
		{A353628C-7897-4B36-ACA5-42B36D70AC52}.Debug|Any CPU.ActiveCfg = Debug|Any CPU
		{A353628C-7897-4B36-ACA5-42B36D70AC52}.Debug|Any CPU.Build.0 = Debug|Any CPU
		{A353628C-7897-4B36-ACA5-42B36D70AC52}.Release|Any CPU.ActiveCfg = Release|Any CPU
		{A353628C-7897-4B36-ACA5-42B36D70AC52}.Release|Any CPU.Build.0 = Release|Any CPU
		{FFC5B9B7-EB3B-45AC-8D98-8D387330BC59}.Debug|Any CPU.ActiveCfg = Debug|Any CPU
		{FFC5B9B7-EB3B-45AC-8D98-8D387330BC59}.Debug|Any CPU.Build.0 = Debug|Any CPU
		{FFC5B9B7-EB3B-45AC-8D98-8D387330BC59}.Release|Any CPU.ActiveCfg = Release|Any CPU
		{FFC5B9B7-EB3B-45AC-8D98-8D387330BC59}.Release|Any CPU.Build.0 = Release|Any CPU
		{A0E35D9D-465F-49AA-BA68-E1D07FDEE3DA}.Debug|Any CPU.ActiveCfg = Debug|Any CPU
		{A0E35D9D-465F-49AA-BA68-E1D07FDEE3DA}.Debug|Any CPU.Build.0 = Debug|Any CPU
		{A0E35D9D-465F-49AA-BA68-E1D07FDEE3DA}.Release|Any CPU.ActiveCfg = Release|Any CPU
		{A0E35D9D-465F-49AA-BA68-E1D07FDEE3DA}.Release|Any CPU.Build.0 = Release|Any CPU
		{0C4ADB15-F5DE-40D6-B420-E4AA97E15CF3}.Debug|Any CPU.ActiveCfg = Debug|Any CPU
		{0C4ADB15-F5DE-40D6-B420-E4AA97E15CF3}.Debug|Any CPU.Build.0 = Debug|Any CPU
		{0C4ADB15-F5DE-40D6-B420-E4AA97E15CF3}.Release|Any CPU.ActiveCfg = Release|Any CPU
		{0C4ADB15-F5DE-40D6-B420-E4AA97E15CF3}.Release|Any CPU.Build.0 = Release|Any CPU
	EndGlobalSection
	GlobalSection(SolutionProperties) = preSolution
		HideSolutionNode = FALSE
	EndGlobalSection
	GlobalSection(NestedProjects) = preSolution
		{7083B9CE-7C68-46E6-8C67-0E524E9E50FB} = {4BE269BA-8F97-4409-8CB8-BBDDED7B1110}
		{44807851-7E5C-42F8-B22E-7A8722C7F135} = {7083B9CE-7C68-46E6-8C67-0E524E9E50FB}
		{C83249C3-5BD6-416A-9F40-E859645E7D53} = {7083B9CE-7C68-46E6-8C67-0E524E9E50FB}
		{29BA500C-3458-4931-8269-E266FD5D3554} = {4BE269BA-8F97-4409-8CB8-BBDDED7B1110}
		{4375D741-36E1-4108-B3BB-1C364F66C263} = {29BA500C-3458-4931-8269-E266FD5D3554}
		{A353628C-7897-4B36-ACA5-42B36D70AC52} = {29BA500C-3458-4931-8269-E266FD5D3554}
		{014F2094-F1D3-4CDE-AE77-0431F49A072F} = {4BE269BA-8F97-4409-8CB8-BBDDED7B1110}
		{FFC5B9B7-EB3B-45AC-8D98-8D387330BC59} = {014F2094-F1D3-4CDE-AE77-0431F49A072F}
		{A0E35D9D-465F-49AA-BA68-E1D07FDEE3DA} = {014F2094-F1D3-4CDE-AE77-0431F49A072F}
		{0C4ADB15-F5DE-40D6-B420-E4AA97E15CF3} = {014F2094-F1D3-4CDE-AE77-0431F49A072F}
	EndGlobalSection
EndGlobal
