
Microsoft Visual Studio Solution File, Format Version 12.00
# Visual Studio 14
VisualStudioVersion = 14.0.25420.1
MinimumVisualStudioVersion = 10.0.40219.1
Project("{FAE04EC0-301F-11D3-BF4B-00C04F79EFBC}") = "Product.Server", "Product.Server\Product.Server.csproj", "{BE29887D-F712-4FEE-A3A2-D3C6F34FF0BD}"
EndProject
Global
	GlobalSection(SolutionConfigurationPlatforms) = preSolution
		Debug|Any CPU = Debug|Any CPU
		Release|Any CPU = Release|Any CPU
	EndGlobalSection
	GlobalSection(ProjectConfigurationPlatforms) = postSolution
		{BE29887D-F712-4FEE-A3A2-D3C6F34FF0BD}.Debug|Any CPU.ActiveCfg = Debug|Any CPU
		{BE29887D-F712-4FEE-A3A2-D3C6F34FF0BD}.Debug|Any CPU.Build.0 = Debug|Any CPU
		{BE29887D-F712-4FEE-A3A2-D3C6F34FF0BD}.Release|Any CPU.ActiveCfg = Release|Any CPU
		{BE29887D-F712-4FEE-A3A2-D3C6F34FF0BD}.Release|Any CPU.Build.0 = Release|Any CPU
	EndGlobalSection
	GlobalSection(SolutionProperties) = preSolution
		HideSolutionNode = FALSE
	EndGlobalSection
EndGlobal
