
Microsoft Visual Studio Solution File, Format Version 12.00
# Visual Studio 2013
VisualStudioVersion = 12.0.40629.0
MinimumVisualStudioVersion = 10.0.40219.1
Project("{FAE04EC0-301F-11D3-BF4B-00C04F79EFBC}") = "NumericsSamples", "numericsSamples\NumericsSamples.csproj", "{2733EA56-59BA-4C53-ABE1-2ACEA76BBB33}"
EndProject
Project("{FAE04EC0-301F-11D3-BF4B-00C04F79EFBC}") = "AlgLibSamples", "AlgLibSamples\AlgLibSamples.csproj", "{A33D552A-8B8D-4F68-BD51-B114F8F9488E}"
EndProject
Project("{FAE04EC0-301F-11D3-BF4B-00C04F79EFBC}") = "AlgLibMklSamples", "AlgLibMklSamples\AlgLibMklSamples.csproj", "{55D52F12-A2FE-4834-9E12-4BDD320B9ECB}"
EndProject
Project("{FAE04EC0-301F-11D3-BF4B-00C04F79EFBC}") = "ExtremeOptimizationSamples", "ExtremeOptimizationSamples\ExtremeOptimizationSamples.csproj", "{5B770883-A9CD-4E90-AE0F-59319A718249}"
EndProject
Global
	GlobalSection(SolutionConfigurationPlatforms) = preSolution
		Debug|Any CPU = Debug|Any CPU
		Release|Any CPU = Release|Any CPU
	EndGlobalSection
	GlobalSection(ProjectConfigurationPlatforms) = postSolution
		{2733EA56-59BA-4C53-ABE1-2ACEA76BBB33}.Debug|Any CPU.ActiveCfg = Debug|Any CPU
		{2733EA56-59BA-4C53-ABE1-2ACEA76BBB33}.Debug|Any CPU.Build.0 = Debug|Any CPU
		{2733EA56-59BA-4C53-ABE1-2ACEA76BBB33}.Release|Any CPU.ActiveCfg = Release|Any CPU
		{2733EA56-59BA-4C53-ABE1-2ACEA76BBB33}.Release|Any CPU.Build.0 = Release|Any CPU
		{A33D552A-8B8D-4F68-BD51-B114F8F9488E}.Debug|Any CPU.ActiveCfg = Debug|Any CPU
		{A33D552A-8B8D-4F68-BD51-B114F8F9488E}.Debug|Any CPU.Build.0 = Debug|Any CPU
		{A33D552A-8B8D-4F68-BD51-B114F8F9488E}.Release|Any CPU.ActiveCfg = Release|Any CPU
		{A33D552A-8B8D-4F68-BD51-B114F8F9488E}.Release|Any CPU.Build.0 = Release|Any CPU
		{55D52F12-A2FE-4834-9E12-4BDD320B9ECB}.Debug|Any CPU.ActiveCfg = Debug|Any CPU
		{55D52F12-A2FE-4834-9E12-4BDD320B9ECB}.Debug|Any CPU.Build.0 = Debug|Any CPU
		{55D52F12-A2FE-4834-9E12-4BDD320B9ECB}.Release|Any CPU.ActiveCfg = Release|Any CPU
		{55D52F12-A2FE-4834-9E12-4BDD320B9ECB}.Release|Any CPU.Build.0 = Release|Any CPU
		{5B770883-A9CD-4E90-AE0F-59319A718249}.Debug|Any CPU.ActiveCfg = Debug|Any CPU
		{5B770883-A9CD-4E90-AE0F-59319A718249}.Debug|Any CPU.Build.0 = Debug|Any CPU
		{5B770883-A9CD-4E90-AE0F-59319A718249}.Release|Any CPU.ActiveCfg = Release|Any CPU
		{5B770883-A9CD-4E90-AE0F-59319A718249}.Release|Any CPU.Build.0 = Release|Any CPU
	EndGlobalSection
	GlobalSection(SolutionProperties) = preSolution
		HideSolutionNode = FALSE
	EndGlobalSection
EndGlobal
