
Microsoft Visual Studio Solution File, Format Version 12.00
# Visual Studio 2013
VisualStudioVersion = 12.0.31101.0
MinimumVisualStudioVersion = 10.0.40219.1
Project("{FAE04EC0-301F-11D3-BF4B-00C04F79EFBC}") = "Plugin.Framework", "Plugin.Framework\Plugin.Framework.csproj", "{25C6BF9A-4A33-447D-A315-FD469EA36ABA}"
EndProject
Project("{FAE04EC0-301F-11D3-BF4B-00C04F79EFBC}") = "TestsProject", "TestsProject\TestsProject.csproj", "{37D2EC99-4D5F-435C-A39A-D24820841A88}"
EndProject
Project("{FAE04EC0-301F-11D3-BF4B-00C04F79EFBC}") = "Plugins", "Plugins\Plugins.csproj", "{7975B806-3FDE-465E-B785-579501F67FA7}"
EndProject
Project("{FAE04EC0-301F-11D3-BF4B-00C04F79EFBC}") = "Engine", "Engine\Engine.csproj", "{6EF89E8D-F74B-4BDD-A4E6-5E55DAB5D101}"
EndProject
Project("{FAE04EC0-301F-11D3-BF4B-00C04F79EFBC}") = "EngineAPI", "EngineAPI\EngineAPI.csproj", "{F1B17D2D-6DD2-4CFB-A661-544D641BF59C}"
EndProject
Global
	GlobalSection(SolutionConfigurationPlatforms) = preSolution
		Debug|Any CPU = Debug|Any CPU
		Release|Any CPU = Release|Any CPU
	EndGlobalSection
	GlobalSection(ProjectConfigurationPlatforms) = postSolution
		{25C6BF9A-4A33-447D-A315-FD469EA36ABA}.Debug|Any CPU.ActiveCfg = Debug|Any CPU
		{25C6BF9A-4A33-447D-A315-FD469EA36ABA}.Debug|Any CPU.Build.0 = Debug|Any CPU
		{25C6BF9A-4A33-447D-A315-FD469EA36ABA}.Release|Any CPU.ActiveCfg = Release|Any CPU
		{25C6BF9A-4A33-447D-A315-FD469EA36ABA}.Release|Any CPU.Build.0 = Release|Any CPU
		{37D2EC99-4D5F-435C-A39A-D24820841A88}.Debug|Any CPU.ActiveCfg = Debug|Any CPU
		{37D2EC99-4D5F-435C-A39A-D24820841A88}.Debug|Any CPU.Build.0 = Debug|Any CPU
		{37D2EC99-4D5F-435C-A39A-D24820841A88}.Release|Any CPU.ActiveCfg = Release|Any CPU
		{37D2EC99-4D5F-435C-A39A-D24820841A88}.Release|Any CPU.Build.0 = Release|Any CPU
		{7975B806-3FDE-465E-B785-579501F67FA7}.Debug|Any CPU.ActiveCfg = Debug|Any CPU
		{7975B806-3FDE-465E-B785-579501F67FA7}.Debug|Any CPU.Build.0 = Debug|Any CPU
		{7975B806-3FDE-465E-B785-579501F67FA7}.Release|Any CPU.ActiveCfg = Release|Any CPU
		{7975B806-3FDE-465E-B785-579501F67FA7}.Release|Any CPU.Build.0 = Release|Any CPU
		{6EF89E8D-F74B-4BDD-A4E6-5E55DAB5D101}.Debug|Any CPU.ActiveCfg = Debug|Any CPU
		{6EF89E8D-F74B-4BDD-A4E6-5E55DAB5D101}.Debug|Any CPU.Build.0 = Debug|Any CPU
		{6EF89E8D-F74B-4BDD-A4E6-5E55DAB5D101}.Release|Any CPU.ActiveCfg = Release|Any CPU
		{6EF89E8D-F74B-4BDD-A4E6-5E55DAB5D101}.Release|Any CPU.Build.0 = Release|Any CPU
		{F1B17D2D-6DD2-4CFB-A661-544D641BF59C}.Debug|Any CPU.ActiveCfg = Debug|Any CPU
		{F1B17D2D-6DD2-4CFB-A661-544D641BF59C}.Debug|Any CPU.Build.0 = Debug|Any CPU
		{F1B17D2D-6DD2-4CFB-A661-544D641BF59C}.Release|Any CPU.ActiveCfg = Release|Any CPU
		{F1B17D2D-6DD2-4CFB-A661-544D641BF59C}.Release|Any CPU.Build.0 = Release|Any CPU
	EndGlobalSection
	GlobalSection(SolutionProperties) = preSolution
		HideSolutionNode = FALSE
	EndGlobalSection
EndGlobal
