
Microsoft Visual Studio Solution File, Format Version 12.00
# Visual Studio 2013
VisualStudioVersion = 12.0.40629.0
MinimumVisualStudioVersion = 10.0.40219.1
Project("{FAE04EC0-301F-11D3-BF4B-00C04F79EFBC}") = "EPPlusSamples", "EPPlusSamples\EPPlusSamples.csproj", "{3B3C5B57-E64A-400E-A83E-6933369BBCB1}"
EndProject
Project("{FAE04EC0-301F-11D3-BF4B-00C04F79EFBC}") = "EPPlusTests", "EPPlusTests\EPPlusTests.csproj", "{B7272DF5-2704-40C3-BB37-26B13F5DBB6A}"
EndProject
Global
	GlobalSection(SolutionConfigurationPlatforms) = preSolution
		Debug|Any CPU = Debug|Any CPU
		Release|Any CPU = Release|Any CPU
	EndGlobalSection
	GlobalSection(ProjectConfigurationPlatforms) = postSolution
		{3B3C5B57-E64A-400E-A83E-6933369BBCB1}.Debug|Any CPU.ActiveCfg = Debug|Any CPU
		{3B3C5B57-E64A-400E-A83E-6933369BBCB1}.Debug|Any CPU.Build.0 = Debug|Any CPU
		{3B3C5B57-E64A-400E-A83E-6933369BBCB1}.Release|Any CPU.ActiveCfg = Release|Any CPU
		{3B3C5B57-E64A-400E-A83E-6933369BBCB1}.Release|Any CPU.Build.0 = Release|Any CPU
		{B7272DF5-2704-40C3-BB37-26B13F5DBB6A}.Debug|Any CPU.ActiveCfg = Debug|Any CPU
		{B7272DF5-2704-40C3-BB37-26B13F5DBB6A}.Debug|Any CPU.Build.0 = Debug|Any CPU
		{B7272DF5-2704-40C3-BB37-26B13F5DBB6A}.Release|Any CPU.ActiveCfg = Release|Any CPU
		{B7272DF5-2704-40C3-BB37-26B13F5DBB6A}.Release|Any CPU.Build.0 = Release|Any CPU
	EndGlobalSection
	GlobalSection(SolutionProperties) = preSolution
		HideSolutionNode = FALSE
	EndGlobalSection
EndGlobal
