
Microsoft Visual Studio Solution File, Format Version 12.00
# Visual Studio 2012
Project("{FAE04EC0-301F-11D3-BF4B-00C04F79EFBC}") = "samples", "samples\samples.csproj", "{F4E99BAB-7FF3-423F-BCE8-D0C5F02D054F}"
EndProject
Global
	GlobalSection(SubversionScc) = preSolution
		Svn-Managed = True
		Manager = AnkhSVN - Subversion Support for Visual Studio
	EndGlobalSection
	GlobalSection(SolutionConfigurationPlatforms) = preSolution
		Debug|Any CPU = Debug|Any CPU
		Release|Any CPU = Release|Any CPU
	EndGlobalSection
	GlobalSection(ProjectConfigurationPlatforms) = postSolution
		{F4E99BAB-7FF3-423F-BCE8-D0C5F02D054F}.Debug|Any CPU.ActiveCfg = Debug|Any CPU
		{F4E99BAB-7FF3-423F-BCE8-D0C5F02D054F}.Debug|Any CPU.Build.0 = Debug|Any CPU
		{F4E99BAB-7FF3-423F-BCE8-D0C5F02D054F}.Release|Any CPU.ActiveCfg = Release|Any CPU
		{F4E99BAB-7FF3-423F-BCE8-D0C5F02D054F}.Release|Any CPU.Build.0 = Release|Any CPU
	EndGlobalSection
	GlobalSection(SolutionProperties) = preSolution
		HideSolutionNode = FALSE
	EndGlobalSection
EndGlobal
