
Microsoft Visual Studio Solution File, Format Version 12.00
# Visual Studio 14
VisualStudioVersion = 14.0.25420.1
MinimumVisualStudioVersion = 10.0.40219.1
Project("{FAE04EC0-301F-11D3-BF4B-00C04F79EFBC}") = "NDaemon.Framework", "NDaemon.Framework\NDaemon.Framework.csproj", "{4D6F3847-4B4C-42BB-8CBF-67BE96A0BB94}"
EndProject
Project("{FAE04EC0-301F-11D3-BF4B-00C04F79EFBC}") = "NDaemon.Client", "NDaemon.Client\NDaemon.Client.csproj", "{E9E42EF0-1F60-44F2-B043-D0F2BFF2EE1A}"
EndProject
Global
	GlobalSection(SolutionConfigurationPlatforms) = preSolution
		Debug|Any CPU = Debug|Any CPU
		Release|Any CPU = Release|Any CPU
	EndGlobalSection
	GlobalSection(ProjectConfigurationPlatforms) = postSolution
		{4D6F3847-4B4C-42BB-8CBF-67BE96A0BB94}.Debug|Any CPU.ActiveCfg = Debug|Any CPU
		{4D6F3847-4B4C-42BB-8CBF-67BE96A0BB94}.Debug|Any CPU.Build.0 = Debug|Any CPU
		{4D6F3847-4B4C-42BB-8CBF-67BE96A0BB94}.Release|Any CPU.ActiveCfg = Release|Any CPU
		{4D6F3847-4B4C-42BB-8CBF-67BE96A0BB94}.Release|Any CPU.Build.0 = Release|Any CPU
		{E9E42EF0-1F60-44F2-B043-D0F2BFF2EE1A}.Debug|Any CPU.ActiveCfg = Debug|Any CPU
		{E9E42EF0-1F60-44F2-B043-D0F2BFF2EE1A}.Debug|Any CPU.Build.0 = Debug|Any CPU
		{E9E42EF0-1F60-44F2-B043-D0F2BFF2EE1A}.Release|Any CPU.ActiveCfg = Release|Any CPU
		{E9E42EF0-1F60-44F2-B043-D0F2BFF2EE1A}.Release|Any CPU.Build.0 = Release|Any CPU
	EndGlobalSection
	GlobalSection(SolutionProperties) = preSolution
		HideSolutionNode = FALSE
	EndGlobalSection
	GlobalSection(DPCodeReviewSolutionGUID) = preSolution
		DPCodeReviewSolutionGUID = {00000000-0000-0000-0000-000000000000}
	EndGlobalSection
EndGlobal
