
Microsoft Visual Studio Solution File, Format Version 12.00
# Visual Studio 2013
VisualStudioVersion = 12.0.31101.0
MinimumVisualStudioVersion = 10.0.40219.1
Project("{FAE04EC0-301F-11D3-BF4B-00C04F79EFBC}") = "MEF_Sample_Console", "MEF_Sample_Console\MEF_Sample_Console.csproj", "{B50FD5A7-6169-416F-B5E5-A5530121E592}"
EndProject
Project("{FAE04EC0-301F-11D3-BF4B-00C04F79EFBC}") = "Plugin.Command.Interfaces", "Plugin.Command.Interfaces\Plugin.Command.Interfaces.csproj", "{7910F7EC-E48D-41C6-A8AE-71BA76D3A577}"
EndProject
Project("{2150E333-8FDC-42A3-9474-1A3956D46DE8}") = "Plugins", "Plugins", "{F26E7AD5-852E-47D5-A8AD-0CD9EA4F0E39}"
EndProject
Project("{FAE04EC0-301F-11D3-BF4B-00C04F79EFBC}") = "PluginAdd", "PluginAdd\PluginAdd.csproj", "{6D91FBC4-DB19-4745-B019-D5FF6553BB97}"
EndProject
Project("{FAE04EC0-301F-11D3-BF4B-00C04F79EFBC}") = "PluginSub", "PluginSub\PluginSub.csproj", "{DB91A820-9344-4214-B8A9-DC234255D4E3}"
EndProject
Project("{FAE04EC0-301F-11D3-BF4B-00C04F79EFBC}") = "Plugin.Command.Framework", "Plugin.Command.Framework\Plugin.Command.Framework.csproj", "{3DAE4281-9D1F-4F93-B60E-5BF18115A355}"
EndProject
Project("{2150E333-8FDC-42A3-9474-1A3956D46DE8}") = "Framework", "Framework", "{908CED9E-939D-419B-B4A8-E0425AF4F222}"
EndProject
Project("{FAE04EC0-301F-11D3-BF4B-00C04F79EFBC}") = "SomeBusinessLogic", "SomeBusinessLogic\SomeBusinessLogic.csproj", "{55A344B5-25BA-4406-A86F-7F30D74E70B3}"
EndProject
Global
	GlobalSection(SolutionConfigurationPlatforms) = preSolution
		Debug|Any CPU = Debug|Any CPU
		Release|Any CPU = Release|Any CPU
	EndGlobalSection
	GlobalSection(ProjectConfigurationPlatforms) = postSolution
		{B50FD5A7-6169-416F-B5E5-A5530121E592}.Debug|Any CPU.ActiveCfg = Debug|Any CPU
		{B50FD5A7-6169-416F-B5E5-A5530121E592}.Debug|Any CPU.Build.0 = Debug|Any CPU
		{B50FD5A7-6169-416F-B5E5-A5530121E592}.Release|Any CPU.ActiveCfg = Release|Any CPU
		{B50FD5A7-6169-416F-B5E5-A5530121E592}.Release|Any CPU.Build.0 = Release|Any CPU
		{7910F7EC-E48D-41C6-A8AE-71BA76D3A577}.Debug|Any CPU.ActiveCfg = Debug|Any CPU
		{7910F7EC-E48D-41C6-A8AE-71BA76D3A577}.Debug|Any CPU.Build.0 = Debug|Any CPU
		{7910F7EC-E48D-41C6-A8AE-71BA76D3A577}.Release|Any CPU.ActiveCfg = Release|Any CPU
		{7910F7EC-E48D-41C6-A8AE-71BA76D3A577}.Release|Any CPU.Build.0 = Release|Any CPU
		{6D91FBC4-DB19-4745-B019-D5FF6553BB97}.Debug|Any CPU.ActiveCfg = Debug|Any CPU
		{6D91FBC4-DB19-4745-B019-D5FF6553BB97}.Debug|Any CPU.Build.0 = Debug|Any CPU
		{6D91FBC4-DB19-4745-B019-D5FF6553BB97}.Release|Any CPU.ActiveCfg = Release|Any CPU
		{6D91FBC4-DB19-4745-B019-D5FF6553BB97}.Release|Any CPU.Build.0 = Release|Any CPU
		{DB91A820-9344-4214-B8A9-DC234255D4E3}.Debug|Any CPU.ActiveCfg = Debug|Any CPU
		{DB91A820-9344-4214-B8A9-DC234255D4E3}.Debug|Any CPU.Build.0 = Debug|Any CPU
		{DB91A820-9344-4214-B8A9-DC234255D4E3}.Release|Any CPU.ActiveCfg = Release|Any CPU
		{DB91A820-9344-4214-B8A9-DC234255D4E3}.Release|Any CPU.Build.0 = Release|Any CPU
		{3DAE4281-9D1F-4F93-B60E-5BF18115A355}.Debug|Any CPU.ActiveCfg = Debug|Any CPU
		{3DAE4281-9D1F-4F93-B60E-5BF18115A355}.Debug|Any CPU.Build.0 = Debug|Any CPU
		{3DAE4281-9D1F-4F93-B60E-5BF18115A355}.Release|Any CPU.ActiveCfg = Release|Any CPU
		{3DAE4281-9D1F-4F93-B60E-5BF18115A355}.Release|Any CPU.Build.0 = Release|Any CPU
		{55A344B5-25BA-4406-A86F-7F30D74E70B3}.Debug|Any CPU.ActiveCfg = Debug|Any CPU
		{55A344B5-25BA-4406-A86F-7F30D74E70B3}.Debug|Any CPU.Build.0 = Debug|Any CPU
		{55A344B5-25BA-4406-A86F-7F30D74E70B3}.Release|Any CPU.ActiveCfg = Release|Any CPU
		{55A344B5-25BA-4406-A86F-7F30D74E70B3}.Release|Any CPU.Build.0 = Release|Any CPU
	EndGlobalSection
	GlobalSection(SolutionProperties) = preSolution
		HideSolutionNode = FALSE
	EndGlobalSection
	GlobalSection(NestedProjects) = preSolution
		{7910F7EC-E48D-41C6-A8AE-71BA76D3A577} = {908CED9E-939D-419B-B4A8-E0425AF4F222}
		{6D91FBC4-DB19-4745-B019-D5FF6553BB97} = {F26E7AD5-852E-47D5-A8AD-0CD9EA4F0E39}
		{DB91A820-9344-4214-B8A9-DC234255D4E3} = {F26E7AD5-852E-47D5-A8AD-0CD9EA4F0E39}
		{3DAE4281-9D1F-4F93-B60E-5BF18115A355} = {908CED9E-939D-419B-B4A8-E0425AF4F222}
	EndGlobalSection
EndGlobal
