
Microsoft Visual Studio Solution File, Format Version 12.00
# Visual Studio 15
VisualStudioVersion = 15.0.26228.76
MinimumVisualStudioVersion = 10.0.40219.1
Project("{FAE04EC0-301F-11D3-BF4B-00C04F79EFBC}") = "LoggerServer", "LoggerServer\LoggerServer.csproj", "{A5236872-28AE-433C-89DB-E756EC62BC02}"
EndProject
Project("{FAE04EC0-301F-11D3-BF4B-00C04F79EFBC}") = "WPFClient", "WPFClient\WPFClient.csproj", "{746BFF2C-B4FA-4D19-A84C-DDAE47C36D6C}"
EndProject
Project("{FAE04EC0-301F-11D3-BF4B-00C04F79EFBC}") = "WcfLogLibService", "WcfLogLibService\WcfLogLibService.csproj", "{A50539F8-A835-42A5-A7D3-BA6D1E06EC43}"
EndProject
Global
	GlobalSection(SolutionConfigurationPlatforms) = preSolution
		Debug|Any CPU = Debug|Any CPU
		Release|Any CPU = Release|Any CPU
	EndGlobalSection
	GlobalSection(ProjectConfigurationPlatforms) = postSolution
		{A5236872-28AE-433C-89DB-E756EC62BC02}.Debug|Any CPU.ActiveCfg = Debug|Any CPU
		{A5236872-28AE-433C-89DB-E756EC62BC02}.Debug|Any CPU.Build.0 = Debug|Any CPU
		{A5236872-28AE-433C-89DB-E756EC62BC02}.Release|Any CPU.ActiveCfg = Release|Any CPU
		{A5236872-28AE-433C-89DB-E756EC62BC02}.Release|Any CPU.Build.0 = Release|Any CPU
		{746BFF2C-B4FA-4D19-A84C-DDAE47C36D6C}.Debug|Any CPU.ActiveCfg = Debug|Any CPU
		{746BFF2C-B4FA-4D19-A84C-DDAE47C36D6C}.Debug|Any CPU.Build.0 = Debug|Any CPU
		{746BFF2C-B4FA-4D19-A84C-DDAE47C36D6C}.Release|Any CPU.ActiveCfg = Release|Any CPU
		{746BFF2C-B4FA-4D19-A84C-DDAE47C36D6C}.Release|Any CPU.Build.0 = Release|Any CPU
		{A50539F8-A835-42A5-A7D3-BA6D1E06EC43}.Debug|Any CPU.ActiveCfg = Debug|Any CPU
		{A50539F8-A835-42A5-A7D3-BA6D1E06EC43}.Debug|Any CPU.Build.0 = Debug|Any CPU
		{A50539F8-A835-42A5-A7D3-BA6D1E06EC43}.Release|Any CPU.ActiveCfg = Release|Any CPU
		{A50539F8-A835-42A5-A7D3-BA6D1E06EC43}.Release|Any CPU.Build.0 = Release|Any CPU
	EndGlobalSection
	GlobalSection(SolutionProperties) = preSolution
		HideSolutionNode = FALSE
	EndGlobalSection
EndGlobal
