
Microsoft Visual Studio Solution File, Format Version 12.00
# Visual Studio 2013
VisualStudioVersion = 12.0.40629.0
MinimumVisualStudioVersion = 10.0.40219.1
Project("{FAE04EC0-301F-11D3-BF4B-00C04F79EFBC}") = "SimpleMathSample", "SimpleMathSample\SimpleMathSample.csproj", "{56F86E00-DADD-42A8-8981-C95015BD4DF6}"
EndProject
Project("{FAE04EC0-301F-11D3-BF4B-00C04F79EFBC}") = "Tests", "Tests\Tests.csproj", "{375A592A-1F41-46BC-BCD4-50398BDDCB7B}"
EndProject
Project("{FAE04EC0-301F-11D3-BF4B-00C04F79EFBC}") = "SOLID", "SOLID\SOLID.csproj", "{6697CD38-AAA7-49E9-83A2-AA90BE6722A2}"
EndProject
Project("{FAE04EC0-301F-11D3-BF4B-00C04F79EFBC}") = "DesignSamples", "DesignSamples\DesignSamples.csproj", "{B11E634C-7398-406F-A218-BFBDB49CC4D8}"
EndProject
Project("{FAE04EC0-301F-11D3-BF4B-00C04F79EFBC}") = "DesignPatterns", "DesignPatterns\DesignPatterns.csproj", "{AD95129F-F63B-47B0-8EBF-6C8304896BBE}"
EndProject
Project("{FAE04EC0-301F-11D3-BF4B-00C04F79EFBC}") = "consoleApplication", "consoleApplication\consoleApplication.csproj", "{5A609506-10B1-463B-AEFB-14591B584AAF}"
EndProject
Project("{FAE04EC0-301F-11D3-BF4B-00C04F79EFBC}") = "MicroServiceSamples", "MicroServiceSamples\MicroServiceSamples.csproj", "{597ED2BB-322B-4711-B168-3E257F435E2A}"
EndProject
Project("{FAE04EC0-301F-11D3-BF4B-00C04F79EFBC}") = "TreeSolution", "TreeSolution\TreeSolution.csproj", "{2BC2E78F-CE99-43CD-80CB-29E6969E0E2F}"
EndProject
Global
	GlobalSection(SolutionConfigurationPlatforms) = preSolution
		Debug|Any CPU = Debug|Any CPU
		Release|Any CPU = Release|Any CPU
	EndGlobalSection
	GlobalSection(ProjectConfigurationPlatforms) = postSolution
		{56F86E00-DADD-42A8-8981-C95015BD4DF6}.Debug|Any CPU.ActiveCfg = Debug|Any CPU
		{56F86E00-DADD-42A8-8981-C95015BD4DF6}.Debug|Any CPU.Build.0 = Debug|Any CPU
		{56F86E00-DADD-42A8-8981-C95015BD4DF6}.Release|Any CPU.ActiveCfg = Release|Any CPU
		{56F86E00-DADD-42A8-8981-C95015BD4DF6}.Release|Any CPU.Build.0 = Release|Any CPU
		{375A592A-1F41-46BC-BCD4-50398BDDCB7B}.Debug|Any CPU.ActiveCfg = Debug|Any CPU
		{375A592A-1F41-46BC-BCD4-50398BDDCB7B}.Debug|Any CPU.Build.0 = Debug|Any CPU
		{375A592A-1F41-46BC-BCD4-50398BDDCB7B}.Release|Any CPU.ActiveCfg = Release|Any CPU
		{375A592A-1F41-46BC-BCD4-50398BDDCB7B}.Release|Any CPU.Build.0 = Release|Any CPU
		{6697CD38-AAA7-49E9-83A2-AA90BE6722A2}.Debug|Any CPU.ActiveCfg = Debug|Any CPU
		{6697CD38-AAA7-49E9-83A2-AA90BE6722A2}.Debug|Any CPU.Build.0 = Debug|Any CPU
		{6697CD38-AAA7-49E9-83A2-AA90BE6722A2}.Release|Any CPU.ActiveCfg = Release|Any CPU
		{6697CD38-AAA7-49E9-83A2-AA90BE6722A2}.Release|Any CPU.Build.0 = Release|Any CPU
		{B11E634C-7398-406F-A218-BFBDB49CC4D8}.Debug|Any CPU.ActiveCfg = Debug|Any CPU
		{B11E634C-7398-406F-A218-BFBDB49CC4D8}.Debug|Any CPU.Build.0 = Debug|Any CPU
		{B11E634C-7398-406F-A218-BFBDB49CC4D8}.Release|Any CPU.ActiveCfg = Release|Any CPU
		{B11E634C-7398-406F-A218-BFBDB49CC4D8}.Release|Any CPU.Build.0 = Release|Any CPU
		{AD95129F-F63B-47B0-8EBF-6C8304896BBE}.Debug|Any CPU.ActiveCfg = Debug|Any CPU
		{AD95129F-F63B-47B0-8EBF-6C8304896BBE}.Debug|Any CPU.Build.0 = Debug|Any CPU
		{AD95129F-F63B-47B0-8EBF-6C8304896BBE}.Release|Any CPU.ActiveCfg = Release|Any CPU
		{AD95129F-F63B-47B0-8EBF-6C8304896BBE}.Release|Any CPU.Build.0 = Release|Any CPU
		{5A609506-10B1-463B-AEFB-14591B584AAF}.Debug|Any CPU.ActiveCfg = Debug|Any CPU
		{5A609506-10B1-463B-AEFB-14591B584AAF}.Debug|Any CPU.Build.0 = Debug|Any CPU
		{5A609506-10B1-463B-AEFB-14591B584AAF}.Release|Any CPU.ActiveCfg = Release|Any CPU
		{5A609506-10B1-463B-AEFB-14591B584AAF}.Release|Any CPU.Build.0 = Release|Any CPU
		{597ED2BB-322B-4711-B168-3E257F435E2A}.Debug|Any CPU.ActiveCfg = Debug|Any CPU
		{597ED2BB-322B-4711-B168-3E257F435E2A}.Debug|Any CPU.Build.0 = Debug|Any CPU
		{597ED2BB-322B-4711-B168-3E257F435E2A}.Release|Any CPU.ActiveCfg = Release|Any CPU
		{597ED2BB-322B-4711-B168-3E257F435E2A}.Release|Any CPU.Build.0 = Release|Any CPU
		{2BC2E78F-CE99-43CD-80CB-29E6969E0E2F}.Debug|Any CPU.ActiveCfg = Debug|Any CPU
		{2BC2E78F-CE99-43CD-80CB-29E6969E0E2F}.Debug|Any CPU.Build.0 = Debug|Any CPU
		{2BC2E78F-CE99-43CD-80CB-29E6969E0E2F}.Release|Any CPU.ActiveCfg = Release|Any CPU
		{2BC2E78F-CE99-43CD-80CB-29E6969E0E2F}.Release|Any CPU.Build.0 = Release|Any CPU
	EndGlobalSection
	GlobalSection(SolutionProperties) = preSolution
		HideSolutionNode = FALSE
	EndGlobalSection
EndGlobal
