
Microsoft Visual Studio Solution File, Format Version 12.00
# Visual Studio 2013
VisualStudioVersion = 12.0.31101.0
MinimumVisualStudioVersion = 10.0.40219.1
Project("{FAE04EC0-301F-11D3-BF4B-00C04F79EFBC}") = "CodeDiggerSamplesPortable", "CodeDiggerSamplesPortable\CodeDiggerSamplesPortable.csproj", "{61FD4C89-4F7D-4BB0-BC3E-94164EB011A4}"
EndProject
Project("{FAE04EC0-301F-11D3-BF4B-00C04F79EFBC}") = "CodeDiggerSamples", "CodeDiggerSamples\CodeDiggerSamples.csproj", "{B9072F01-3263-4E1C-B630-E50945E424E6}"
EndProject
Global
	GlobalSection(SolutionConfigurationPlatforms) = preSolution
		Debug|Any CPU = Debug|Any CPU
		Release|Any CPU = Release|Any CPU
	EndGlobalSection
	GlobalSection(ProjectConfigurationPlatforms) = postSolution
		{61FD4C89-4F7D-4BB0-BC3E-94164EB011A4}.Debug|Any CPU.ActiveCfg = Debug|Any CPU
		{61FD4C89-4F7D-4BB0-BC3E-94164EB011A4}.Debug|Any CPU.Build.0 = Debug|Any CPU
		{61FD4C89-4F7D-4BB0-BC3E-94164EB011A4}.Release|Any CPU.ActiveCfg = Release|Any CPU
		{61FD4C89-4F7D-4BB0-BC3E-94164EB011A4}.Release|Any CPU.Build.0 = Release|Any CPU
		{B9072F01-3263-4E1C-B630-E50945E424E6}.Debug|Any CPU.ActiveCfg = Debug|Any CPU
		{B9072F01-3263-4E1C-B630-E50945E424E6}.Debug|Any CPU.Build.0 = Debug|Any CPU
		{B9072F01-3263-4E1C-B630-E50945E424E6}.Release|Any CPU.ActiveCfg = Release|Any CPU
		{B9072F01-3263-4E1C-B630-E50945E424E6}.Release|Any CPU.Build.0 = Release|Any CPU
	EndGlobalSection
	GlobalSection(SolutionProperties) = preSolution
		HideSolutionNode = FALSE
	EndGlobalSection
EndGlobal
