
Microsoft Visual Studio Solution File, Format Version 12.00
# Visual Studio 2013
VisualStudioVersion = 12.0.40629.0
MinimumVisualStudioVersion = 10.0.40219.1
Project("{FAE04EC0-301F-11D3-BF4B-00C04F79EFBC}") = "WebApplication", "WebApplication\WebApplication.csproj", "{7CBCFB9D-BF83-412C-9573-A6313BB0C7FA}"
EndProject
Project("{FAE04EC0-301F-11D3-BF4B-00C04F79EFBC}") = "SelfHostingSample", "SelfHostingSample\SelfHostingSample.csproj", "{547B1A06-369D-44C2-97DA-6AE05BB1F688}"
EndProject
Global
	GlobalSection(SolutionConfigurationPlatforms) = preSolution
		Debug|Any CPU = Debug|Any CPU
		Release|Any CPU = Release|Any CPU
	EndGlobalSection
	GlobalSection(ProjectConfigurationPlatforms) = postSolution
		{7CBCFB9D-BF83-412C-9573-A6313BB0C7FA}.Debug|Any CPU.ActiveCfg = Debug|Any CPU
		{7CBCFB9D-BF83-412C-9573-A6313BB0C7FA}.Debug|Any CPU.Build.0 = Debug|Any CPU
		{7CBCFB9D-BF83-412C-9573-A6313BB0C7FA}.Release|Any CPU.ActiveCfg = Release|Any CPU
		{7CBCFB9D-BF83-412C-9573-A6313BB0C7FA}.Release|Any CPU.Build.0 = Release|Any CPU
		{547B1A06-369D-44C2-97DA-6AE05BB1F688}.Debug|Any CPU.ActiveCfg = Debug|Any CPU
		{547B1A06-369D-44C2-97DA-6AE05BB1F688}.Debug|Any CPU.Build.0 = Debug|Any CPU
		{547B1A06-369D-44C2-97DA-6AE05BB1F688}.Release|Any CPU.ActiveCfg = Release|Any CPU
		{547B1A06-369D-44C2-97DA-6AE05BB1F688}.Release|Any CPU.Build.0 = Release|Any CPU
	EndGlobalSection
	GlobalSection(SolutionProperties) = preSolution
		HideSolutionNode = FALSE
	EndGlobalSection
EndGlobal
