
Microsoft Visual Studio Solution File, Format Version 12.00
# Visual Studio Version 17
VisualStudioVersion = 17.13.36105.23 d17.13
MinimumVisualStudioVersion = 10.0.40219.1
Project("{FAE04EC0-301F-11D3-BF4B-00C04F79EFBC}") = "SerializationDemo", "SerializationDemo\SerializationDemo.csproj", "{6E47C4FF-F373-47F6-A7B3-4B4F0FAAB273}"
EndProject
Global
	GlobalSection(SolutionConfigurationPlatforms) = preSolution
		Debug|Any CPU = Debug|Any CPU
		Release|Any CPU = Release|Any CPU
	EndGlobalSection
	GlobalSection(ProjectConfigurationPlatforms) = postSolution
		{6E47C4FF-F373-47F6-A7B3-4B4F0FAAB273}.Debug|Any CPU.ActiveCfg = Debug|Any CPU
		{6E47C4FF-F373-47F6-A7B3-4B4F0FAAB273}.Debug|Any CPU.Build.0 = Debug|Any CPU
		{6E47C4FF-F373-47F6-A7B3-4B4F0FAAB273}.Release|Any CPU.ActiveCfg = Release|Any CPU
		{6E47C4FF-F373-47F6-A7B3-4B4F0FAAB273}.Release|Any CPU.Build.0 = Release|Any CPU
	EndGlobalSection
	GlobalSection(SolutionProperties) = preSolution
		HideSolutionNode = FALSE
	EndGlobalSection
	GlobalSection(ExtensibilityGlobals) = postSolution
		SolutionGuid = {B1D98945-A446-4649-B2B5-C0745890CA8D}
	EndGlobalSection
EndGlobal
