
Microsoft Visual Studio Solution File, Format Version 12.00
# Visual Studio 2013
VisualStudioVersion = 12.0.30501.0
MinimumVisualStudioVersion = 10.0.40219.1
Project("{FAE04EC0-301F-11D3-BF4B-00C04F79EFBC}") = "UserDefinedRule", "UserDefinedRule\UserDefinedRule.csproj", "{0BD13022-7CB7-40EB-B131-0356A11D0314}"
EndProject
Project("{FAE04EC0-301F-11D3-BF4B-00C04F79EFBC}") = "SamplesForCodeAnalysis", "SamplesForCodeAnalysis\SamplesForCodeAnalysis.csproj", "{3E7630F1-86DD-4452-B871-C8CDE95FFC6B}"
EndProject
Global
	GlobalSection(SolutionConfigurationPlatforms) = preSolution
		Debug|Any CPU = Debug|Any CPU
		Release|Any CPU = Release|Any CPU
	EndGlobalSection
	GlobalSection(ProjectConfigurationPlatforms) = postSolution
		{0BD13022-7CB7-40EB-B131-0356A11D0314}.Debug|Any CPU.ActiveCfg = Debug|Any CPU
		{0BD13022-7CB7-40EB-B131-0356A11D0314}.Debug|Any CPU.Build.0 = Debug|Any CPU
		{0BD13022-7CB7-40EB-B131-0356A11D0314}.Release|Any CPU.ActiveCfg = Release|Any CPU
		{0BD13022-7CB7-40EB-B131-0356A11D0314}.Release|Any CPU.Build.0 = Release|Any CPU
		{3E7630F1-86DD-4452-B871-C8CDE95FFC6B}.Debug|Any CPU.ActiveCfg = Debug|Any CPU
		{3E7630F1-86DD-4452-B871-C8CDE95FFC6B}.Debug|Any CPU.Build.0 = Debug|Any CPU
		{3E7630F1-86DD-4452-B871-C8CDE95FFC6B}.Release|Any CPU.ActiveCfg = Release|Any CPU
		{3E7630F1-86DD-4452-B871-C8CDE95FFC6B}.Release|Any CPU.Build.0 = Release|Any CPU
	EndGlobalSection
	GlobalSection(SolutionProperties) = preSolution
		HideSolutionNode = FALSE
	EndGlobalSection
EndGlobal
